{
  "originHash" : "61b4b08dac806a3ed39d927fa896e8ef192809f903eb0615d1d559c43a71ff44",
  "pins" : [
    {
      "identity" : "iossdk",
      "kind" : "remoteSourceControl",
      "location" : "https://github.com/StrutFit/iOSSDK",
      "state" : {
        "revision" : "9b8c533beb48912427abd832d5256ccdaa0aa05d",
        "version" : "7.1.0"
      }
    }
  ],
  "version" : 3
}
