{
  "originHash" : "61b4b08dac806a3ed39d927fa896e8ef192809f903eb0615d1d559c43a71ff44",
  "pins" : [
    {
      "identity" : "iossdk",
      "kind" : "remoteSourceControl",
      "location" : "https://github.com/StrutFit/iOSSDK",
      "state" : {
        "revision" : "f0ea09bd20e28076bc7f3342b5377d701d4f4833",
        "version" : "7.0.0"
      }
    }
  ],
  "version" : 3
}
